{
  "name": "krystal",
  "version": "0.1.0",
  "lockfileVersion": 2,
  "requires": true,
  "packages": {
    "": {
      "name": "krystal",
      "version": "0.1.0",
      "license": "ISC",
      "dependencies": {
        "tiddlywiki": "^5.2.1"
      },
      "devDependencies": {}
    },
    "node_modules/tiddlywiki": {
      "version": "5.2.1",
      "resolved": "https://registry.npmjs.org/tiddlywiki/-/tiddlywiki-5.2.1.tgz",
      "integrity": "sha512-cfZX8G4/ymQzBmPcI8UWJ317eDrLf4INto99m7M8Nkbx5BMA3+Uapht7OPNaXZRR4RqvVJ7N1Ie1xYMWtvjnpw==",
      "bin": {
        "tiddlywiki": "tiddlywiki.js"
      },
      "engines": {
        "node": ">=0.8.2"
      }
    }
  },
  "dependencies": {
    "tiddlywiki": {
      "version": "5.2.1",
      "resolved": "https://registry.npmjs.org/tiddlywiki/-/tiddlywiki-5.2.1.tgz",
      "integrity": "sha512-cfZX8G4/ymQzBmPcI8UWJ317eDrLf4INto99m7M8Nkbx5BMA3+Uapht7OPNaXZRR4RqvVJ7N1Ie1xYMWtvjnpw=="
    }
  }
}
