{
  "name": "krystal",
  "version": "0.1.0",
  "lockfileVersion": 2,
  "requires": true,
  "packages": {
    "": {
      "name": "krystal",
      "version": "0.1.0",
      "license": "ISC",
      "dependencies": {
        "tiddlywiki": "^5.2.1"
      }
    },
    "node_modules/tiddlywiki": {
      "version": "5.2.3",
      "resolved": "https://registry.npmjs.org/tiddlywiki/-/tiddlywiki-5.2.3.tgz",
      "integrity": "sha512-kf09XBI0bswr27pM6WBj/Vek4ATle83HwAtg8rPqJ8cjcC2/xX2SLEamiT8q4AAexjDDlQA05IlcPhhGtF0j6A==",
      "bin": {
        "tiddlywiki": "tiddlywiki.js"
      },
      "engines": {
        "node": ">=0.8.2"
      }
    }
  },
  "dependencies": {
    "tiddlywiki": {
      "version": "5.2.3",
      "resolved": "https://registry.npmjs.org/tiddlywiki/-/tiddlywiki-5.2.3.tgz",
      "integrity": "sha512-kf09XBI0bswr27pM6WBj/Vek4ATle83HwAtg8rPqJ8cjcC2/xX2SLEamiT8q4AAexjDDlQA05IlcPhhGtF0j6A=="
    }
  }
}
