{
  "name": "krystal",
  "version": "0.1.0",
  "lockfileVersion": 1,
  "requires": true,
  "dependencies": {
    "tiddlywiki": {
      "version": "5.1.23",
      "resolved": "https://registry.npmjs.org/tiddlywiki/-/tiddlywiki-5.1.23.tgz",
      "integrity": "sha512-U5P6CdVncHqfoMRAYGj8NxqbP2JJICdLre+jAlXzV8nhllRL9ZFIE0y80wASXc6xip6++TA67Pam7+FJ73A1Vw=="
    }
  }
}
